// !$*UTF8*$!
{
	archiveVersion = 1;
	classes = {
	};
	objectVersion = 56;
	objects = {

/* Begin PBXBuildFile section */
		5182CB3C2BD6282400A32EB9 /* todoimg.jpeg in Resources */ = {isa = PBXBuildFile; fileRef = 5182CB3B2BD6282400A32EB9 /* todoimg.jpeg */; };
		518C667C2BD50D40006C8FD5 /* AppDelegate.m in Sources */ = {isa = PBXBuildFile; fileRef = 518C667B2BD50D40006C8FD5 /* AppDelegate.m */; };
		518C667F2BD50D40006C8FD5 /* SceneDelegate.m in Sources */ = {isa = PBXBuildFile; fileRef = 518C667E2BD50D40006C8FD5 /* SceneDelegate.m */; };
		518C66822BD50D40006C8FD5 /* ViewController.m in Sources */ = {isa = PBXBuildFile; fileRef = 518C66812BD50D40006C8FD5 /* ViewController.m */; };
		518C66852BD50D40006C8FD5 /* Main.storyboard in Resources */ = {isa = PBXBuildFile; fileRef = 518C66832BD50D40006C8FD5 /* Main.storyboard */; };
		518C66872BD50D43006C8FD5 /* Assets.xcassets in Resources */ = {isa = PBXBuildFile; fileRef = 518C66862BD50D43006C8FD5 /* Assets.xcassets */; };
		518C668A2BD50D43006C8FD5 /* LaunchScreen.storyboard in Resources */ = {isa = PBXBuildFile; fileRef = 518C66882BD50D43006C8FD5 /* LaunchScreen.storyboard */; };
		518C668D2BD50D43006C8FD5 /* main.m in Sources */ = {isa = PBXBuildFile; fileRef = 518C668C2BD50D43006C8FD5 /* main.m */; };
		518C66972BD50D44006C8FD5 /* ToDoListTests.m in Sources */ = {isa = PBXBuildFile; fileRef = 518C66962BD50D44006C8FD5 /* ToDoListTests.m */; };
		518C66A12BD50D44006C8FD5 /* ToDoListUITests.m in Sources */ = {isa = PBXBuildFile; fileRef = 518C66A02BD50D44006C8FD5 /* ToDoListUITests.m */; };
		518C66A32BD50D44006C8FD5 /* ToDoListUITestsLaunchTests.m in Sources */ = {isa = PBXBuildFile; fileRef = 518C66A22BD50D44006C8FD5 /* ToDoListUITestsLaunchTests.m */; };
		518C66B12BD5197A006C8FD5 /* InProgressViewController.m in Sources */ = {isa = PBXBuildFile; fileRef = 518C66B02BD5197A006C8FD5 /* InProgressViewController.m */; };
		518C66B42BD519C3006C8FD5 /* DoneViewController.m in Sources */ = {isa = PBXBuildFile; fileRef = 518C66B32BD519C3006C8FD5 /* DoneViewController.m */; };
		518C66B62BD51D57006C8FD5 /* images.jpeg in Resources */ = {isa = PBXBuildFile; fileRef = 518C66B52BD51D57006C8FD5 /* images.jpeg */; };
		518C66B92BD52F58006C8FD5 /* DetailsViewController.m in Sources */ = {isa = PBXBuildFile; fileRef = 518C66B82BD52F58006C8FD5 /* DetailsViewController.m */; };
		518C66BC2BD54A3B006C8FD5 /* TaskObject.m in Sources */ = {isa = PBXBuildFile; fileRef = 518C66BB2BD54A3B006C8FD5 /* TaskObject.m */; };
/* End PBXBuildFile section */

/* Begin PBXContainerItemProxy section */
		518C66932BD50D44006C8FD5 /* PBXContainerItemProxy */ = {
			isa = PBXContainerItemProxy;
			containerPortal = 518C666F2BD50D3F006C8FD5 /* Project object */;
			proxyType = 1;
			remoteGlobalIDString = 518C66762BD50D3F006C8FD5;
			remoteInfo = ToDoList;
		};
		518C669D2BD50D44006C8FD5 /* PBXContainerItemProxy */ = {
			isa = PBXContainerItemProxy;
			containerPortal = 518C666F2BD50D3F006C8FD5 /* Project object */;
			proxyType = 1;
			remoteGlobalIDString = 518C66762BD50D3F006C8FD5;
			remoteInfo = ToDoList;
		};
/* End PBXContainerItemProxy section */

/* Begin PBXFileReference section */
		5182CB3B2BD6282400A32EB9 /* todoimg.jpeg */ = {isa = PBXFileReference; lastKnownFileType = image.jpeg; name = todoimg.jpeg; path = ../../../../../Downloads/todoimg.jpeg; sourceTree = "<group>"; };
		518C66772BD50D3F006C8FD5 /* ToDoList.app */ = {isa = PBXFileReference; explicitFileType = wrapper.application; includeInIndex = 0; path = ToDoList.app; sourceTree = BUILT_PRODUCTS_DIR; };
		518C667A2BD50D40006C8FD5 /* AppDelegate.h */ = {isa = PBXFileReference; lastKnownFileType = sourcecode.c.h; path = AppDelegate.h; sourceTree = "<group>"; };
		518C667B2BD50D40006C8FD5 /* AppDelegate.m */ = {isa = PBXFileReference; lastKnownFileType = sourcecode.c.objc; path = AppDelegate.m; sourceTree = "<group>"; };
		518C667D2BD50D40006C8FD5 /* SceneDelegate.h */ = {isa = PBXFileReference; lastKnownFileType = sourcecode.c.h; path = SceneDelegate.h; sourceTree = "<group>"; };
		518C667E2BD50D40006C8FD5 /* SceneDelegate.m */ = {isa = PBXFileReference; lastKnownFileType = sourcecode.c.objc; path = SceneDelegate.m; sourceTree = "<group>"; };
		518C66802BD50D40006C8FD5 /* ViewController.h */ = {isa = PBXFileReference; lastKnownFileType = sourcecode.c.h; path = ViewController.h; sourceTree = "<group>"; };
		518C66812BD50D40006C8FD5 /* ViewController.m */ = {isa = PBXFileReference; lastKnownFileType = sourcecode.c.objc; path = ViewController.m; sourceTree = "<group>"; };
		518C66842BD50D40006C8FD5 /* Base */ = {isa = PBXFileReference; lastKnownFileType = file.storyboard; name = Base; path = Base.lproj/Main.storyboard; sourceTree = "<group>"; };
		518C66862BD50D43006C8FD5 /* Assets.xcassets */ = {isa = PBXFileReference; lastKnownFileType = folder.assetcatalog; path = Assets.xcassets; sourceTree = "<group>"; };
		518C66892BD50D43006C8FD5 /* Base */ = {isa = PBXFileReference; lastKnownFileType = file.storyboard; name = Base; path = Base.lproj/LaunchScreen.storyboard; sourceTree = "<group>"; };
		518C668B2BD50D43006C8FD5 /* Info.plist */ = {isa = PBXFileReference; lastKnownFileType = text.plist.xml; path = Info.plist; sourceTree = "<group>"; };
		518C668C2BD50D43006C8FD5 /* main.m */ = {isa = PBXFileReference; lastKnownFileType = sourcecode.c.objc; path = main.m; sourceTree = "<group>"; };
		518C66922BD50D44006C8FD5 /* ToDoListTests.xctest */ = {isa = PBXFileReference; explicitFileType = wrapper.cfbundle; includeInIndex = 0; path = ToDoListTests.xctest; sourceTree = BUILT_PRODUCTS_DIR; };
		518C66962BD50D44006C8FD5 /* ToDoListTests.m */ = {isa = PBXFileReference; lastKnownFileType = sourcecode.c.objc; path = ToDoListTests.m; sourceTree = "<group>"; };
		518C669C2BD50D44006C8FD5 /* ToDoListUITests.xctest */ = {isa = PBXFileReference; explicitFileType = wrapper.cfbundle; includeInIndex = 0; path = ToDoListUITests.xctest; sourceTree = BUILT_PRODUCTS_DIR; };
		518C66A02BD50D44006C8FD5 /* ToDoListUITests.m */ = {isa = PBXFileReference; lastKnownFileType = sourcecode.c.objc; path = ToDoListUITests.m; sourceTree = "<group>"; };
		518C66A22BD50D44006C8FD5 /* ToDoListUITestsLaunchTests.m */ = {isa = PBXFileReference; lastKnownFileType = sourcecode.c.objc; path = ToDoListUITestsLaunchTests.m; sourceTree = "<group>"; };
		518C66AF2BD5197A006C8FD5 /* InProgressViewController.h */ = {isa = PBXFileReference; lastKnownFileType = sourcecode.c.h; path = InProgressViewController.h; sourceTree = "<group>"; };
		518C66B02BD5197A006C8FD5 /* InProgressViewController.m */ = {isa = PBXFileReference; lastKnownFileType = sourcecode.c.objc; path = InProgressViewController.m; sourceTree = "<group>"; };
		518C66B22BD519C3006C8FD5 /* DoneViewController.h */ = {isa = PBXFileReference; lastKnownFileType = sourcecode.c.h; path = DoneViewController.h; sourceTree = "<group>"; };
		518C66B32BD519C3006C8FD5 /* DoneViewController.m */ = {isa = PBXFileReference; lastKnownFileType = sourcecode.c.objc; path = DoneViewController.m; sourceTree = "<group>"; };
		518C66B52BD51D57006C8FD5 /* images.jpeg */ = {isa = PBXFileReference; lastKnownFileType = image.jpeg; name = images.jpeg; path = ../../../../../Downloads/images.jpeg; sourceTree = "<group>"; };
		518C66B72BD52F58006C8FD5 /* DetailsViewController.h */ = {isa = PBXFileReference; lastKnownFileType = sourcecode.c.h; path = DetailsViewController.h; sourceTree = "<group>"; };
		518C66B82BD52F58006C8FD5 /* DetailsViewController.m */ = {isa = PBXFileReference; lastKnownFileType = sourcecode.c.objc; path = DetailsViewController.m; sourceTree = "<group>"; };
		518C66BA2BD54A3B006C8FD5 /* TaskObject.h */ = {isa = PBXFileReference; lastKnownFileType = sourcecode.c.h; path = TaskObject.h; sourceTree = "<group>"; };
		518C66BB2BD54A3B006C8FD5 /* TaskObject.m */ = {isa = PBXFileReference; lastKnownFileType = sourcecode.c.objc; path = TaskObject.m; sourceTree = "<group>"; };
/* End PBXFileReference section */

/* Begin PBXFrameworksBuildPhase section */
		518C66742BD50D3F006C8FD5 /* Frameworks */ = {
			isa = PBXFrameworksBuildPhase;
			buildActionMask = 2147483647;
			files = (
			);
			runOnlyForDeploymentPostprocessing = 0;
		};
		518C668F2BD50D44006C8FD5 /* Frameworks */ = {
			isa = PBXFrameworksBuildPhase;
			buildActionMask = 2147483647;
			files = (
			);
			runOnlyForDeploymentPostprocessing = 0;
		};
		518C66992BD50D44006C8FD5 /* Frameworks */ = {
			isa = PBXFrameworksBuildPhase;
			buildActionMask = 2147483647;
			files = (
			);
			runOnlyForDeploymentPostprocessing = 0;
		};
/* End PBXFrameworksBuildPhase section */

/* Begin PBXGroup section */
		518C666E2BD50D3F006C8FD5 = {
			isa = PBXGroup;
			children = (
				518C66792BD50D3F006C8FD5 /* ToDoList */,
				518C66952BD50D44006C8FD5 /* ToDoListTests */,
				518C669F2BD50D44006C8FD5 /* ToDoListUITests */,
				518C66782BD50D3F006C8FD5 /* Products */,
			);
			sourceTree = "<group>";
		};
		518C66782BD50D3F006C8FD5 /* Products */ = {
			isa = PBXGroup;
			children = (
				518C66772BD50D3F006C8FD5 /* ToDoList.app */,
				518C66922BD50D44006C8FD5 /* ToDoListTests.xctest */,
				518C669C2BD50D44006C8FD5 /* ToDoListUITests.xctest */,
			);
			name = Products;
			sourceTree = "<group>";
		};
		518C66792BD50D3F006C8FD5 /* ToDoList */ = {
			isa = PBXGroup;
			children = (
				5182CB3B2BD6282400A32EB9 /* todoimg.jpeg */,
				518C66B52BD51D57006C8FD5 /* images.jpeg */,
				518C667A2BD50D40006C8FD5 /* AppDelegate.h */,
				518C667B2BD50D40006C8FD5 /* AppDelegate.m */,
				518C667D2BD50D40006C8FD5 /* SceneDelegate.h */,
				518C667E2BD50D40006C8FD5 /* SceneDelegate.m */,
				518C66802BD50D40006C8FD5 /* ViewController.h */,
				518C66812BD50D40006C8FD5 /* ViewController.m */,
				518C66832BD50D40006C8FD5 /* Main.storyboard */,
				518C66862BD50D43006C8FD5 /* Assets.xcassets */,
				518C66882BD50D43006C8FD5 /* LaunchScreen.storyboard */,
				518C668B2BD50D43006C8FD5 /* Info.plist */,
				518C668C2BD50D43006C8FD5 /* main.m */,
				518C66AF2BD5197A006C8FD5 /* InProgressViewController.h */,
				518C66B02BD5197A006C8FD5 /* InProgressViewController.m */,
				518C66B22BD519C3006C8FD5 /* DoneViewController.h */,
				518C66B32BD519C3006C8FD5 /* DoneViewController.m */,
				518C66B72BD52F58006C8FD5 /* DetailsViewController.h */,
				518C66B82BD52F58006C8FD5 /* DetailsViewController.m */,
				518C66BA2BD54A3B006C8FD5 /* TaskObject.h */,
				518C66BB2BD54A3B006C8FD5 /* TaskObject.m */,
			);
			path = ToDoList;
			sourceTree = "<group>";
		};
		518C66952BD50D44006C8FD5 /* ToDoListTests */ = {
			isa = PBXGroup;
			children = (
				518C66962BD50D44006C8FD5 /* ToDoListTests.m */,
			);
			path = ToDoListTests;
			sourceTree = "<group>";
		};
		518C669F2BD50D44006C8FD5 /* ToDoListUITests */ = {
			isa = PBXGroup;
			children = (
				518C66A02BD50D44006C8FD5 /* ToDoListUITests.m */,
				518C66A22BD50D44006C8FD5 /* ToDoListUITestsLaunchTests.m */,
			);
			path = ToDoListUITests;
			sourceTree = "<group>";
		};
/* End PBXGroup section */

/* Begin PBXNativeTarget section */
		518C66762BD50D3F006C8FD5 /* ToDoList */ = {
			isa = PBXNativeTarget;
			buildConfigurationList = 518C66A62BD50D44006C8FD5 /* Build configuration list for PBXNativeTarget "ToDoList" */;
			buildPhases = (
				518C66732BD50D3F006C8FD5 /* Sources */,
				518C66742BD50D3F006C8FD5 /* Frameworks */,
				518C66752BD50D3F006C8FD5 /* Resources */,
			);
			buildRules = (
			);
			dependencies = (
			);
			name = ToDoList;
			productName = ToDoList;
			productReference = 518C66772BD50D3F006C8FD5 /* ToDoList.app */;
			productType = "com.apple.product-type.application";
		};
		518C66912BD50D44006C8FD5 /* ToDoListTests */ = {
			isa = PBXNativeTarget;
			buildConfigurationList = 518C66A92BD50D44006C8FD5 /* Build configuration list for PBXNativeTarget "ToDoListTests" */;
			buildPhases = (
				518C668E2BD50D44006C8FD5 /* Sources */,
				518C668F2BD50D44006C8FD5 /* Frameworks */,
				518C66902BD50D44006C8FD5 /* Resources */,
			);
			buildRules = (
			);
			dependencies = (
				518C66942BD50D44006C8FD5 /* PBXTargetDependency */,
			);
			name = ToDoListTests;
			productName = ToDoListTests;
			productReference = 518C66922BD50D44006C8FD5 /* ToDoListTests.xctest */;
			productType = "com.apple.product-type.bundle.unit-test";
		};
		518C669B2BD50D44006C8FD5 /* ToDoListUITests */ = {
			isa = PBXNativeTarget;
			buildConfigurationList = 518C66AC2BD50D44006C8FD5 /* Build configuration list for PBXNativeTarget "ToDoListUITests" */;
			buildPhases = (
				518C66982BD50D44006C8FD5 /* Sources */,
				518C66992BD50D44006C8FD5 /* Frameworks */,
				518C669A2BD50D44006C8FD5 /* Resources */,
			);
			buildRules = (
			);
			dependencies = (
				518C669E2BD50D44006C8FD5 /* PBXTargetDependency */,
			);
			name = ToDoListUITests;
			productName = ToDoListUITests;
			productReference = 518C669C2BD50D44006C8FD5 /* ToDoListUITests.xctest */;
			productType = "com.apple.product-type.bundle.ui-testing";
		};
/* End PBXNativeTarget section */

/* Begin PBXProject section */
		518C666F2BD50D3F006C8FD5 /* Project object */ = {
			isa = PBXProject;
			attributes = {
				BuildIndependentTargetsInParallel = 1;
				LastUpgradeCheck = 1520;
				TargetAttributes = {
					518C66762BD50D3F006C8FD5 = {
						CreatedOnToolsVersion = 15.2;
					};
					518C66912BD50D44006C8FD5 = {
						CreatedOnToolsVersion = 15.2;
						TestTargetID = 518C66762BD50D3F006C8FD5;
					};
					518C669B2BD50D44006C8FD5 = {
						CreatedOnToolsVersion = 15.2;
						TestTargetID = 518C66762BD50D3F006C8FD5;
					};
				};
			};
			buildConfigurationList = 518C66722BD50D3F006C8FD5 /* Build configuration list for PBXProject "ToDoList" */;
			compatibilityVersion = "Xcode 14.0";
			developmentRegion = en;
			hasScannedForEncodings = 0;
			knownRegions = (
				en,
				Base,
			);
			mainGroup = 518C666E2BD50D3F006C8FD5;
			productRefGroup = 518C66782BD50D3F006C8FD5 /* Products */;
			projectDirPath = "";
			projectRoot = "";
			targets = (
				518C66762BD50D3F006C8FD5 /* ToDoList */,
				518C66912BD50D44006C8FD5 /* ToDoListTests */,
				518C669B2BD50D44006C8FD5 /* ToDoListUITests */,
			);
		};
/* End PBXProject section */

/* Begin PBXResourcesBuildPhase section */
		518C66752BD50D3F006C8FD5 /* Resources */ = {
			isa = PBXResourcesBuildPhase;
			buildActionMask = 2147483647;
			files = (
				518C668A2BD50D43006C8FD5 /* LaunchScreen.storyboard in Resources */,
				518C66B62BD51D57006C8FD5 /* images.jpeg in Resources */,
				518C66872BD50D43006C8FD5 /* Assets.xcassets in Resources */,
				518C66852BD50D40006C8FD5 /* Main.storyboard in Resources */,
				5182CB3C2BD6282400A32EB9 /* todoimg.jpeg in Resources */,
			);
			runOnlyForDeploymentPostprocessing = 0;
		};
		518C66902BD50D44006C8FD5 /* Resources */ = {
			isa = PBXResourcesBuildPhase;
			buildActionMask = 2147483647;
			files = (
			);
			runOnlyForDeploymentPostprocessing = 0;
		};
		518C669A2BD50D44006C8FD5 /* Resources */ = {
			isa = PBXResourcesBuildPhase;
			buildActionMask = 2147483647;
			files = (
			);
			runOnlyForDeploymentPostprocessing = 0;
		};
/* End PBXResourcesBuildPhase section */

/* Begin PBXSourcesBuildPhase section */
		518C66732BD50D3F006C8FD5 /* Sources */ = {
			isa = PBXSourcesBuildPhase;
			buildActionMask = 2147483647;
			files = (
				518C66B42BD519C3006C8FD5 /* DoneViewController.m in Sources */,
				518C66BC2BD54A3B006C8FD5 /* TaskObject.m in Sources */,
				518C66822BD50D40006C8FD5 /* ViewController.m in Sources */,
				518C66B12BD5197A006C8FD5 /* InProgressViewController.m in Sources */,
				518C667C2BD50D40006C8FD5 /* AppDelegate.m in Sources */,
				518C66B92BD52F58006C8FD5 /* DetailsViewController.m in Sources */,
				518C668D2BD50D43006C8FD5 /* main.m in Sources */,
				518C667F2BD50D40006C8FD5 /* SceneDelegate.m in Sources */,
			);
			runOnlyForDeploymentPostprocessing = 0;
		};
		518C668E2BD50D44006C8FD5 /* Sources */ = {
			isa = PBXSourcesBuildPhase;
			buildActionMask = 2147483647;
			files = (
				518C66972BD50D44006C8FD5 /* ToDoListTests.m in Sources */,
			);
			runOnlyForDeploymentPostprocessing = 0;
		};
		518C66982BD50D44006C8FD5 /* Sources */ = {
			isa = PBXSourcesBuildPhase;
			buildActionMask = 2147483647;
			files = (
				518C66A32BD50D44006C8FD5 /* ToDoListUITestsLaunchTests.m in Sources */,
				518C66A12BD50D44006C8FD5 /* ToDoListUITests.m in Sources */,
			);
			runOnlyForDeploymentPostprocessing = 0;
		};
/* End PBXSourcesBuildPhase section */

/* Begin PBXTargetDependency section */
		518C66942BD50D44006C8FD5 /* PBXTargetDependency */ = {
			isa = PBXTargetDependency;
			target = 518C66762BD50D3F006C8FD5 /* ToDoList */;
			targetProxy = 518C66932BD50D44006C8FD5 /* PBXContainerItemProxy */;
		};
		518C669E2BD50D44006C8FD5 /* PBXTargetDependency */ = {
			isa = PBXTargetDependency;
			target = 518C66762BD50D3F006C8FD5 /* ToDoList */;
			targetProxy = 518C669D2BD50D44006C8FD5 /* PBXContainerItemProxy */;
		};
/* End PBXTargetDependency section */

/* Begin PBXVariantGroup section */
		518C66832BD50D40006C8FD5 /* Main.storyboard */ = {
			isa = PBXVariantGroup;
			children = (
				518C66842BD50D40006C8FD5 /* Base */,
			);
			name = Main.storyboard;
			sourceTree = "<group>";
		};
		518C66882BD50D43006C8FD5 /* LaunchScreen.storyboard */ = {
			isa = PBXVariantGroup;
			children = (
				518C66892BD50D43006C8FD5 /* Base */,
			);
			name = LaunchScreen.storyboard;
			sourceTree = "<group>";
		};
/* End PBXVariantGroup section */

/* Begin XCBuildConfiguration section */
		518C66A42BD50D44006C8FD5 /* Debug */ = {
			isa = XCBuildConfiguration;
			buildSettings = {
				ALWAYS_SEARCH_USER_PATHS = NO;
				ASSETCATALOG_COMPILER_GENERATE_SWIFT_ASSET_SYMBOL_EXTENSIONS = YES;
				CLANG_ANALYZER_NONNULL = YES;
				CLANG_ANALYZER_NUMBER_OBJECT_CONVERSION = YES_AGGRESSIVE;
				CLANG_CXX_LANGUAGE_STANDARD = "gnu++20";
				CLANG_ENABLE_MODULES = YES;
				CLANG_ENABLE_OBJC_ARC = YES;
				CLANG_ENABLE_OBJC_WEAK = YES;
				CLANG_WARN_BLOCK_CAPTURE_AUTORELEASING = YES;
				CLANG_WARN_BOOL_CONVERSION = YES;
				CLANG_WARN_COMMA = YES;
				CLANG_WARN_CONSTANT_CONVERSION = YES;
				CLANG_WARN_DEPRECATED_OBJC_IMPLEMENTATIONS = YES;
				CLANG_WARN_DIRECT_OBJC_ISA_USAGE = YES_ERROR;
				CLANG_WARN_DOCUMENTATION_COMMENTS = YES;
				CLANG_WARN_EMPTY_BODY = YES;
				CLANG_WARN_ENUM_CONVERSION = YES;
				CLANG_WARN_INFINITE_RECURSION = YES;
				CLANG_WARN_INT_CONVERSION = YES;
				CLANG_WARN_NON_LITERAL_NULL_CONVERSION = YES;
				CLANG_WARN_OBJC_IMPLICIT_RETAIN_SELF = YES;
				CLANG_WARN_OBJC_LITERAL_CONVERSION = YES;
				CLANG_WARN_OBJC_ROOT_CLASS = YES_ERROR;
				CLANG_WARN_QUOTED_INCLUDE_IN_FRAMEWORK_HEADER = YES;
				CLANG_WARN_RANGE_LOOP_ANALYSIS = YES;
				CLANG_WARN_STRICT_PROTOTYPES = YES;
				CLANG_WARN_SUSPICIOUS_MOVE = YES;
				CLANG_WARN_UNGUARDED_AVAILABILITY = YES_AGGRESSIVE;
				CLANG_WARN_UNREACHABLE_CODE = YES;
				CLANG_WARN__DUPLICATE_METHOD_MATCH = YES;
				COPY_PHASE_STRIP = NO;
				DEBUG_INFORMATION_FORMAT = dwarf;
				ENABLE_STRICT_OBJC_MSGSEND = YES;
				ENABLE_TESTABILITY = YES;
				ENABLE_USER_SCRIPT_SANDBOXING = YES;
				GCC_C_LANGUAGE_STANDARD = gnu17;
				GCC_DYNAMIC_NO_PIC = NO;
				GCC_NO_COMMON_BLOCKS = YES;
				GCC_OPTIMIZATION_LEVEL = 0;
				GCC_PREPROCESSOR_DEFINITIONS = (
					"DEBUG=1",
					"$(inherited)",
				);
				GCC_WARN_64_TO_32_BIT_CONVERSION = YES;
				GCC_WARN_ABOUT_RETURN_TYPE = YES_ERROR;
				GCC_WARN_UNDECLARED_SELECTOR = YES;
				GCC_WARN_UNINITIALIZED_AUTOS = YES_AGGRESSIVE;
				GCC_WARN_UNUSED_FUNCTION = YES;
				GCC_WARN_UNUSED_VARIABLE = YES;
				IPHONEOS_DEPLOYMENT_TARGET = 17.2;
				LOCALIZATION_PREFERS_STRING_CATALOGS = YES;
				MTL_ENABLE_DEBUG_INFO = INCLUDE_SOURCE;
				MTL_FAST_MATH = YES;
				ONLY_ACTIVE_ARCH = YES;
				SDKROOT = iphoneos;
			};
			name = Debug;
		};
		518C66A52BD50D44006C8FD5 /* Release */ = {
			isa = XCBuildConfiguration;
			buildSettings = {
				ALWAYS_SEARCH_USER_PATHS = NO;
				ASSETCATALOG_COMPILER_GENERATE_SWIFT_ASSET_SYMBOL_EXTENSIONS = YES;
				CLANG_ANALYZER_NONNULL = YES;
				CLANG_ANALYZER_NUMBER_OBJECT_CONVERSION = YES_AGGRESSIVE;
				CLANG_CXX_LANGUAGE_STANDARD = "gnu++20";
				CLANG_ENABLE_MODULES = YES;
				CLANG_ENABLE_OBJC_ARC = YES;
				CLANG_ENABLE_OBJC_WEAK = YES;
				CLANG_WARN_BLOCK_CAPTURE_AUTORELEASING = YES;
				CLANG_WARN_BOOL_CONVERSION = YES;
				CLANG_WARN_COMMA = YES;
				CLANG_WARN_CONSTANT_CONVERSION = YES;
				CLANG_WARN_DEPRECATED_OBJC_IMPLEMENTATIONS = YES;
				CLANG_WARN_DIRECT_OBJC_ISA_USAGE = YES_ERROR;
				CLANG_WARN_DOCUMENTATION_COMMENTS = YES;
				CLANG_WARN_EMPTY_BODY = YES;
				CLANG_WARN_ENUM_CONVERSION = YES;
				CLANG_WARN_INFINITE_RECURSION = YES;
				CLANG_WARN_INT_CONVERSION = YES;
				CLANG_WARN_NON_LITERAL_NULL_CONVERSION = YES;
				CLANG_WARN_OBJC_IMPLICIT_RETAIN_SELF = YES;
				CLANG_WARN_OBJC_LITERAL_CONVERSION = YES;
				CLANG_WARN_OBJC_ROOT_CLASS = YES_ERROR;
				CLANG_WARN_QUOTED_INCLUDE_IN_FRAMEWORK_HEADER = YES;
				CLANG_WARN_RANGE_LOOP_ANALYSIS = YES;
				CLANG_WARN_STRICT_PROTOTYPES = YES;
				CLANG_WARN_SUSPICIOUS_MOVE = YES;
				CLANG_WARN_UNGUARDED_AVAILABILITY = YES_AGGRESSIVE;
				CLANG_WARN_UNREACHABLE_CODE = YES;
				CLANG_WARN__DUPLICATE_METHOD_MATCH = YES;
				COPY_PHASE_STRIP = NO;
				DEBUG_INFORMATION_FORMAT = "dwarf-with-dsym";
				ENABLE_NS_ASSERTIONS = NO;
				ENABLE_STRICT_OBJC_MSGSEND = YES;
				ENABLE_USER_SCRIPT_SANDBOXING = YES;
				GCC_C_LANGUAGE_STANDARD = gnu17;
				GCC_NO_COMMON_BLOCKS = YES;
				GCC_WARN_64_TO_32_BIT_CONVERSION = YES;
				GCC_WARN_ABOUT_RETURN_TYPE = YES_ERROR;
				GCC_WARN_UNDECLARED_SELECTOR = YES;
				GCC_WARN_UNINITIALIZED_AUTOS = YES_AGGRESSIVE;
				GCC_WARN_UNUSED_FUNCTION = YES;
				GCC_WARN_UNUSED_VARIABLE = YES;
				IPHONEOS_DEPLOYMENT_TARGET = 17.2;
				LOCALIZATION_PREFERS_STRING_CATALOGS = YES;
				MTL_ENABLE_DEBUG_INFO = NO;
				MTL_FAST_MATH = YES;
				SDKROOT = iphoneos;
				VALIDATE_PRODUCT = YES;
			};
			name = Release;
		};
		518C66A72BD50D44006C8FD5 /* Debug */ = {
			isa = XCBuildConfiguration;
			buildSettings = {
				ASSETCATALOG_COMPILER_APPICON_NAME = AppIcon;
				ASSETCATALOG_COMPILER_GLOBAL_ACCENT_COLOR_NAME = AccentColor;
				CODE_SIGN_STYLE = Automatic;
				CURRENT_PROJECT_VERSION = 1;
				GENERATE_INFOPLIST_FILE = YES;
				INFOPLIST_FILE = ToDoList/Info.plist;
				INFOPLIST_KEY_UIApplicationSupportsIndirectInputEvents = YES;
				INFOPLIST_KEY_UILaunchStoryboardName = LaunchScreen;
				INFOPLIST_KEY_UIMainStoryboardFile = Main;
				INFOPLIST_KEY_UISupportedInterfaceOrientations_iPad = "UIInterfaceOrientationPortrait UIInterfaceOrientationPortraitUpsideDown UIInterfaceOrientationLandscapeLeft UIInterfaceOrientationLandscapeRight";
				INFOPLIST_KEY_UISupportedInterfaceOrientations_iPhone = "UIInterfaceOrientationPortrait UIInterfaceOrientationLandscapeLeft UIInterfaceOrientationLandscapeRight";
				IPHONEOS_DEPLOYMENT_TARGET = 15.0;
				LD_RUNPATH_SEARCH_PATHS = (
					"$(inherited)",
					"@executable_path/Frameworks",
				);
				MARKETING_VERSION = 1.0;
				PRODUCT_BUNDLE_IDENTIFIER = objectiveC.ToDoList;
				PRODUCT_NAME = "$(TARGET_NAME)";
				SWIFT_EMIT_LOC_STRINGS = YES;
				TARGETED_DEVICE_FAMILY = "1,2";
			};
			name = Debug;
		};
		518C66A82BD50D44006C8FD5 /* Release */ = {
			isa = XCBuildConfiguration;
			buildSettings = {
				ASSETCATALOG_COMPILER_APPICON_NAME = AppIcon;
				ASSETCATALOG_COMPILER_GLOBAL_ACCENT_COLOR_NAME = AccentColor;
				CODE_SIGN_STYLE = Automatic;
				CURRENT_PROJECT_VERSION = 1;
				GENERATE_INFOPLIST_FILE = YES;
				INFOPLIST_FILE = ToDoList/Info.plist;
				INFOPLIST_KEY_UIApplicationSupportsIndirectInputEvents = YES;
				INFOPLIST_KEY_UILaunchStoryboardName = LaunchScreen;
				INFOPLIST_KEY_UIMainStoryboardFile = Main;
				INFOPLIST_KEY_UISupportedInterfaceOrientations_iPad = "UIInterfaceOrientationPortrait UIInterfaceOrientationPortraitUpsideDown UIInterfaceOrientationLandscapeLeft UIInterfaceOrientationLandscapeRight";
				INFOPLIST_KEY_UISupportedInterfaceOrientations_iPhone = "UIInterfaceOrientationPortrait UIInterfaceOrientationLandscapeLeft UIInterfaceOrientationLandscapeRight";
				IPHONEOS_DEPLOYMENT_TARGET = 15.0;
				LD_RUNPATH_SEARCH_PATHS = (
					"$(inherited)",
					"@executable_path/Frameworks",
				);
				MARKETING_VERSION = 1.0;
				PRODUCT_BUNDLE_IDENTIFIER = objectiveC.ToDoList;
				PRODUCT_NAME = "$(TARGET_NAME)";
				SWIFT_EMIT_LOC_STRINGS = YES;
				TARGETED_DEVICE_FAMILY = "1,2";
			};
			name = Release;
		};
		518C66AA2BD50D44006C8FD5 /* Debug */ = {
			isa = XCBuildConfiguration;
			buildSettings = {
				BUNDLE_LOADER = "$(TEST_HOST)";
				CODE_SIGN_STYLE = Automatic;
				CURRENT_PROJECT_VERSION = 1;
				GENERATE_INFOPLIST_FILE = YES;
				IPHONEOS_DEPLOYMENT_TARGET = 17.2;
				MARKETING_VERSION = 1.0;
				PRODUCT_BUNDLE_IDENTIFIER = objectiveC.ToDoListTests;
				PRODUCT_NAME = "$(TARGET_NAME)";
				SWIFT_EMIT_LOC_STRINGS = NO;
				TARGETED_DEVICE_FAMILY = "1,2";
				TEST_HOST = "$(BUILT_PRODUCTS_DIR)/ToDoList.app/$(BUNDLE_EXECUTABLE_FOLDER_PATH)/ToDoList";
			};
			name = Debug;
		};
		518C66AB2BD50D44006C8FD5 /* Release */ = {
			isa = XCBuildConfiguration;
			buildSettings = {
				BUNDLE_LOADER = "$(TEST_HOST)";
				CODE_SIGN_STYLE = Automatic;
				CURRENT_PROJECT_VERSION = 1;
				GENERATE_INFOPLIST_FILE = YES;
				IPHONEOS_DEPLOYMENT_TARGET = 17.2;
				MARKETING_VERSION = 1.0;
				PRODUCT_BUNDLE_IDENTIFIER = objectiveC.ToDoListTests;
				PRODUCT_NAME = "$(TARGET_NAME)";
				SWIFT_EMIT_LOC_STRINGS = NO;
				TARGETED_DEVICE_FAMILY = "1,2";
				TEST_HOST = "$(BUILT_PRODUCTS_DIR)/ToDoList.app/$(BUNDLE_EXECUTABLE_FOLDER_PATH)/ToDoList";
			};
			name = Release;
		};
		518C66AD2BD50D44006C8FD5 /* Debug */ = {
			isa = XCBuildConfiguration;
			buildSettings = {
				CODE_SIGN_STYLE = Automatic;
				CURRENT_PROJECT_VERSION = 1;
				GENERATE_INFOPLIST_FILE = YES;
				MARKETING_VERSION = 1.0;
				PRODUCT_BUNDLE_IDENTIFIER = objectiveC.ToDoListUITests;
				PRODUCT_NAME = "$(TARGET_NAME)";
				SWIFT_EMIT_LOC_STRINGS = NO;
				TARGETED_DEVICE_FAMILY = "1,2";
				TEST_TARGET_NAME = ToDoList;
			};
			name = Debug;
		};
		518C66AE2BD50D44006C8FD5 /* Release */ = {
			isa = XCBuildConfiguration;
			buildSettings = {
				CODE_SIGN_STYLE = Automatic;
				CURRENT_PROJECT_VERSION = 1;
				GENERATE_INFOPLIST_FILE = YES;
				MARKETING_VERSION = 1.0;
				PRODUCT_BUNDLE_IDENTIFIER = objectiveC.ToDoListUITests;
				PRODUCT_NAME = "$(TARGET_NAME)";
				SWIFT_EMIT_LOC_STRINGS = NO;
				TARGETED_DEVICE_FAMILY = "1,2";
				TEST_TARGET_NAME = ToDoList;
			};
			name = Release;
		};
/* End XCBuildConfiguration section */

/* Begin XCConfigurationList section */
		518C66722BD50D3F006C8FD5 /* Build configuration list for PBXProject "ToDoList" */ = {
			isa = XCConfigurationList;
			buildConfigurations = (
				518C66A42BD50D44006C8FD5 /* Debug */,
				518C66A52BD50D44006C8FD5 /* Release */,
			);
			defaultConfigurationIsVisible = 0;
			defaultConfigurationName = Release;
		};
		518C66A62BD50D44006C8FD5 /* Build configuration list for PBXNativeTarget "ToDoList" */ = {
			isa = XCConfigurationList;
			buildConfigurations = (
				518C66A72BD50D44006C8FD5 /* Debug */,
				518C66A82BD50D44006C8FD5 /* Release */,
			);
			defaultConfigurationIsVisible = 0;
			defaultConfigurationName = Release;
		};
		518C66A92BD50D44006C8FD5 /* Build configuration list for PBXNativeTarget "ToDoListTests" */ = {
			isa = XCConfigurationList;
			buildConfigurations = (
				518C66AA2BD50D44006C8FD5 /* Debug */,
				518C66AB2BD50D44006C8FD5 /* Release */,
			);
			defaultConfigurationIsVisible = 0;
			defaultConfigurationName = Release;
		};
		518C66AC2BD50D44006C8FD5 /* Build configuration list for PBXNativeTarget "ToDoListUITests" */ = {
			isa = XCConfigurationList;
			buildConfigurations = (
				518C66AD2BD50D44006C8FD5 /* Debug */,
				518C66AE2BD50D44006C8FD5 /* Release */,
			);
			defaultConfigurationIsVisible = 0;
			defaultConfigurationName = Release;
		};
/* End XCConfigurationList section */
	};
	rootObject = 518C666F2BD50D3F006C8FD5 /* Project object */;
}
